
Microsoft Visual Studio Solution File, Format Version 12.00
# Visual Studio 15
VisualStudioVersion = 15.0.34112.143
MinimumVisualStudioVersion = 10.0.40219.1
Project("{8BC9CEB8-8B4A-11D0-8D11-00A0C91BC942}") = "3.19", "3.19\3.19.vcxproj", "{DA9CD0D7-0039-414C-A346-85DE85E3CD7D}"
EndProject
Global
	GlobalSection(SolutionConfigurationPlatforms) = preSolution
		Debug|x64 = Debug|x64
		Debug|x86 = Debug|x86
		Release|x64 = Release|x64
		Release|x86 = Release|x86
	EndGlobalSection
	GlobalSection(ProjectConfigurationPlatforms) = postSolution
		{DA9CD0D7-0039-414C-A346-85DE85E3CD7D}.Debug|x64.ActiveCfg = Debug|x64
		{DA9CD0D7-0039-414C-A346-85DE85E3CD7D}.Debug|x64.Build.0 = Debug|x64
		{DA9CD0D7-0039-414C-A346-85DE85E3CD7D}.Debug|x86.ActiveCfg = Debug|Win32
		{DA9CD0D7-0039-414C-A346-85DE85E3CD7D}.Debug|x86.Build.0 = Debug|Win32
		{DA9CD0D7-0039-414C-A346-85DE85E3CD7D}.Release|x64.ActiveCfg = Release|x64
		{DA9CD0D7-0039-414C-A346-85DE85E3CD7D}.Release|x64.Build.0 = Release|x64
		{DA9CD0D7-0039-414C-A346-85DE85E3CD7D}.Release|x86.ActiveCfg = Release|Win32
		{DA9CD0D7-0039-414C-A346-85DE85E3CD7D}.Release|x86.Build.0 = Release|Win32
	EndGlobalSection
	GlobalSection(SolutionProperties) = preSolution
		HideSolutionNode = FALSE
	EndGlobalSection
	GlobalSection(ExtensibilityGlobals) = postSolution
		SolutionGuid = {A3978F4C-D963-47F9-B43A-F11689C5732A}
	EndGlobalSection
EndGlobal
